
Microsoft Visual Studio Solution File, Format Version 12.00
# Visual Studio Version 17
VisualStudioVersion = 17.3.32922.545
MinimumVisualStudioVersion = 10.0.40219.1
Project("{FAE04EC0-301F-11D3-BF4B-00C04F79EFBC}") = "Oprea_Oana_Lab10", "Oprea_Oana_Lab10.csproj", "{2A8E8A5F-1C6B-492D-B9F4-16B980BABA59}"
EndProject
Project("{FAE04EC0-301F-11D3-BF4B-00C04F79EFBC}") = "gRPCClient", "..\gRPCClient\gRPCClient.csproj", "{FD303C4F-CF10-4B6C-A14D-D496FC515483}"
EndProject
Global
	GlobalSection(SolutionConfigurationPlatforms) = preSolution
		Debug|Any CPU = Debug|Any CPU
		Release|Any CPU = Release|Any CPU
	EndGlobalSection
	GlobalSection(ProjectConfigurationPlatforms) = postSolution
		{2A8E8A5F-1C6B-492D-B9F4-16B980BABA59}.Debug|Any CPU.ActiveCfg = Debug|Any CPU
		{2A8E8A5F-1C6B-492D-B9F4-16B980BABA59}.Debug|Any CPU.Build.0 = Debug|Any CPU
		{2A8E8A5F-1C6B-492D-B9F4-16B980BABA59}.Release|Any CPU.ActiveCfg = Release|Any CPU
		{2A8E8A5F-1C6B-492D-B9F4-16B980BABA59}.Release|Any CPU.Build.0 = Release|Any CPU
		{FD303C4F-CF10-4B6C-A14D-D496FC515483}.Debug|Any CPU.ActiveCfg = Debug|Any CPU
		{FD303C4F-CF10-4B6C-A14D-D496FC515483}.Debug|Any CPU.Build.0 = Debug|Any CPU
		{FD303C4F-CF10-4B6C-A14D-D496FC515483}.Release|Any CPU.ActiveCfg = Release|Any CPU
		{FD303C4F-CF10-4B6C-A14D-D496FC515483}.Release|Any CPU.Build.0 = Release|Any CPU
	EndGlobalSection
	GlobalSection(SolutionProperties) = preSolution
		HideSolutionNode = FALSE
	EndGlobalSection
	GlobalSection(ExtensibilityGlobals) = postSolution
		SolutionGuid = {548D713F-F43A-469B-BDB5-F1445B60AAA8}
	EndGlobalSection
EndGlobal
